{
  "name": "backend",
  "lockfileVersion": 2,
  "requires": true,
  "packages": {
    "": {
      "dependencies": {
        "servinggo": "file:.."
      }
    },
    "..": {
      "name": "servinggo",
      "version": "1.0.0",
      "license": "UNLICENSED",
      "dependencies": {
        "async-mutex": "^0.3.2",
        "colors": "^1.4.0",
        "dotenv": "^16.0.1",
        "express": "^4.18.1",
        "morgan": "^1.10.0",
        "rosnodejs": "^3.0.2"
      },
      "devDependencies": {
        "concurrently": "^7.2.0",
        "nodemon": "^2.0.16"
      }
    },
    "node_modules/servinggo": {
      "resolved": "..",
      "link": true
    }
  },
  "dependencies": {
    "servinggo": {
      "version": "file:..",
      "requires": {
        "async-mutex": "^0.3.2",
        "colors": "^1.4.0",
        "concurrently": "^7.2.0",
        "dotenv": "^16.0.1",
        "express": "^4.18.1",
        "morgan": "^1.10.0",
        "nodemon": "^2.0.16",
        "rosnodejs": "^3.0.2"
      }
    }
  }
}
